Microsoft Visual Studio Solution File, Format Version 11.00
# Visual Studio 2008

Project("{2EC7805E-0CCE-36C0-7750-D04F60857CD9}") = "Tutor", "Assembly-CSharp.csproj", "{A8E3C414-E2AE-9CC5-85CA-185272940C1D}"
EndProject
Global
	GlobalSection(SolutionConfigurationPlatforms) = preSolution
		Debug|Any CPU = Debug|Any CPU
		Release|Any CPU = Release|Any CPU
	EndGlobalSection
	GlobalSection(ProjectConfigurationPlatforms) = postSolution
		{A8E3C414-E2AE-9CC5-85CA-185272940C1D}.Debug|Any CPU.ActiveCfg = Debug|Any CPU
		{A8E3C414-E2AE-9CC5-85CA-185272940C1D}.Debug|Any CPU.Build.0 = Debug|Any CPU
		{A8E3C414-E2AE-9CC5-85CA-185272940C1D}.Release|Any CPU.ActiveCfg = Release|Any CPU
		{A8E3C414-E2AE-9CC5-85CA-185272940C1D}.Release|Any CPU.Build.0 = Release|Any CPU
	EndGlobalSection
	GlobalSection(SolutionProperties) = preSolution
		HideSolutionNode = FALSE
	EndGlobalSection
	GlobalSection(MonoDevelopProperties) = preSolution
		StartupItem = Assembly-CSharp.csproj
	EndGlobalSection
EndGlobal
